# @generated - this file is auto-generated by `mise lock` https://mise.en.dev/dev-tools/mise-lock.html

[[tools.1password-cli]]
version = "2.34.0"
backend = "vfox:1password-cli"

[tools.1password-cli."platforms.linux-arm64"]
url = "https://cache.agilebits.com/dist/1P/op2/pkg/v2.34.0/op_linux_arm64_v2.34.0.zip"

[tools.1password-cli."platforms.linux-arm64-musl"]
url = "https://cache.agilebits.com/dist/1P/op2/pkg/v2.34.0/op_linux_arm64_v2.34.0.zip"

[tools.1password-cli."platforms.linux-x64"]
url = "https://cache.agilebits.com/dist/1P/op2/pkg/v2.34.0/op_linux_amd64_v2.34.0.zip"

[tools.1password-cli."platforms.linux-x64-musl"]
url = "https://cache.agilebits.com/dist/1P/op2/pkg/v2.34.0/op_linux_amd64_v2.34.0.zip"

[tools.1password-cli."platforms.macos-arm64"]
url = "https://cache.agilebits.com/dist/1P/op2/pkg/v2.34.0/op_darwin_arm64_v2.34.0.zip"

[tools.1password-cli."platforms.macos-x64"]
url = "https://cache.agilebits.com/dist/1P/op2/pkg/v2.34.0/op_darwin_amd64_v2.34.0.zip"

[tools.1password-cli."platforms.windows-x64"]
url = "https://cache.agilebits.com/dist/1P/op2/pkg/v2.34.0/op_windows_amd64_v2.34.0.zip"

[[tools."aqua:google/yamlfmt"]]
version = "0.17.2"
backend = "aqua:google/yamlfmt"

[tools."aqua:google/yamlfmt"."platforms.linux-arm64"]
checksum = "sha256:1785b9751af9dca10a8a3e51ee2f6f3aa64564610dcc994d98421e28d02b56b5"
url = "https://github.com/google/yamlfmt/releases/download/v0.17.2/yamlfmt_0.17.2_Linux_arm64.tar.gz"

[tools."aqua:google/yamlfmt"."platforms.linux-arm64-musl"]
checksum = "sha256:1785b9751af9dca10a8a3e51ee2f6f3aa64564610dcc994d98421e28d02b56b5"
url = "https://github.com/google/yamlfmt/releases/download/v0.17.2/yamlfmt_0.17.2_Linux_arm64.tar.gz"

[tools."aqua:google/yamlfmt"."platforms.linux-x64"]
checksum = "sha256:b114115b6804cfd203195d222558e4feb38e311fffb590c4e13642fa21bd0e37"
url = "https://github.com/google/yamlfmt/releases/download/v0.17.2/yamlfmt_0.17.2_Linux_x86_64.tar.gz"

[tools."aqua:google/yamlfmt"."platforms.linux-x64-musl"]
checksum = "sha256:b114115b6804cfd203195d222558e4feb38e311fffb590c4e13642fa21bd0e37"
url = "https://github.com/google/yamlfmt/releases/download/v0.17.2/yamlfmt_0.17.2_Linux_x86_64.tar.gz"

[tools."aqua:google/yamlfmt"."platforms.macos-arm64"]
checksum = "sha256:94bd3fb3a2c66bdab77b58cd91bece9e4a8a28a33cb4e0fe241e6220548f69dd"
url = "https://github.com/google/yamlfmt/releases/download/v0.17.2/yamlfmt_0.17.2_Darwin_arm64.tar.gz"

[tools."aqua:google/yamlfmt"."platforms.macos-x64"]
checksum = "sha256:e806fe1013e601788e762dc7e54858b0bb4bdc828c5b4c95125db67cd997ac30"
url = "https://github.com/google/yamlfmt/releases/download/v0.17.2/yamlfmt_0.17.2_Darwin_x86_64.tar.gz"

[tools."aqua:google/yamlfmt"."platforms.windows-x64"]
checksum = "sha256:fc6fd9328f62d7880c1eda1889f9eba39f42c6317761c23c27771349ba601513"
url = "https://github.com/google/yamlfmt/releases/download/v0.17.2/yamlfmt_0.17.2_Windows_x86_64.tar.gz"

[[tools."aqua:koalaman/shellcheck"]]
version = "0.10.0"
backend = "aqua:koalaman/shellcheck"

[tools."aqua:koalaman/shellcheck"."platforms.linux-arm64"]
url = "https://github.com/koalaman/shellcheck/releases/download/v0.10.0/shellcheck-v0.10.0.linux.aarch64.tar.xz"

[tools."aqua:koalaman/shellcheck"."platforms.linux-arm64-musl"]
url = "https://github.com/koalaman/shellcheck/releases/download/v0.10.0/shellcheck-v0.10.0.linux.aarch64.tar.xz"

[tools."aqua:koalaman/shellcheck"."platforms.linux-x64"]
url = "https://github.com/koalaman/shellcheck/releases/download/v0.10.0/shellcheck-v0.10.0.linux.x86_64.tar.xz"

[tools."aqua:koalaman/shellcheck"."platforms.linux-x64-musl"]
url = "https://github.com/koalaman/shellcheck/releases/download/v0.10.0/shellcheck-v0.10.0.linux.x86_64.tar.xz"

[tools."aqua:koalaman/shellcheck"."platforms.macos-arm64"]
url = "https://github.com/koalaman/shellcheck/releases/download/v0.10.0/shellcheck-v0.10.0.darwin.aarch64.tar.xz"

[tools."aqua:koalaman/shellcheck"."platforms.macos-x64"]
url = "https://github.com/koalaman/shellcheck/releases/download/v0.10.0/shellcheck-v0.10.0.darwin.x86_64.tar.xz"

[tools."aqua:koalaman/shellcheck"."platforms.windows-x64"]
url = "https://github.com/koalaman/shellcheck/releases/download/v0.10.0/shellcheck-v0.10.0.zip"

[[tools."aqua:mitsuhiko/minijinja"]]
version = "2.20.0"
backend = "aqua:mitsuhiko/minijinja"

[tools."aqua:mitsuhiko/minijinja"."platforms.linux-arm64"]
checksum = "sha256:b379a731c49918487846ac7d12e735f2572764559e1a704affbb499d1e240e67"
url = "https://github.com/mitsuhiko/minijinja/releases/download/2.20.0/minijinja-cli-aarch64-unknown-linux-musl.tar.xz"

[tools."aqua:mitsuhiko/minijinja"."platforms.linux-arm64-musl"]
checksum = "sha256:b379a731c49918487846ac7d12e735f2572764559e1a704affbb499d1e240e67"
url = "https://github.com/mitsuhiko/minijinja/releases/download/2.20.0/minijinja-cli-aarch64-unknown-linux-musl.tar.xz"

[tools."aqua:mitsuhiko/minijinja"."platforms.linux-x64"]
checksum = "sha256:892a51270f82f63d37c1112cee260d4321da7898d974b9dc8f0c0fcba0a05c05"
url = "https://github.com/mitsuhiko/minijinja/releases/download/2.20.0/minijinja-cli-x86_64-unknown-linux-musl.tar.xz"

[tools."aqua:mitsuhiko/minijinja"."platforms.linux-x64-musl"]
checksum = "sha256:892a51270f82f63d37c1112cee260d4321da7898d974b9dc8f0c0fcba0a05c05"
url = "https://github.com/mitsuhiko/minijinja/releases/download/2.20.0/minijinja-cli-x86_64-unknown-linux-musl.tar.xz"

[tools."aqua:mitsuhiko/minijinja"."platforms.macos-arm64"]
checksum = "sha256:23a91850cdcb534bab497e138fddd320f079342340851a7faa4c245956cebb70"
url = "https://github.com/mitsuhiko/minijinja/releases/download/2.20.0/minijinja-cli-aarch64-apple-darwin.tar.xz"

[tools."aqua:mitsuhiko/minijinja"."platforms.macos-x64"]
checksum = "sha256:323f793dd92807921d049e4e752c7f15e2ef14f22e5a57c6fc803a46443425a5"
url = "https://github.com/mitsuhiko/minijinja/releases/download/2.20.0/minijinja-cli-x86_64-apple-darwin.tar.xz"

[tools."aqua:mitsuhiko/minijinja"."platforms.windows-x64"]
checksum = "sha256:58bcbae843e5b79cc502a0b49351c338d53273eb3c2df31659dffe4b35dfaf73"
url = "https://github.com/mitsuhiko/minijinja/releases/download/2.20.0/minijinja-cli-x86_64-pc-windows-msvc.zip"

[[tools."aqua:rhysd/actionlint"]]
version = "1.7.7"
backend = "aqua:rhysd/actionlint"

[tools."aqua:rhysd/actionlint"."platforms.linux-arm64"]
checksum = "sha256:401942f9c24ed71e4fe71b76c7d638f66d8633575c4016efd2977ce7c28317d0"
url = "https://github.com/rhysd/actionlint/releases/download/v1.7.7/actionlint_1.7.7_linux_arm64.tar.gz"

[tools."aqua:rhysd/actionlint"."platforms.linux-arm64-musl"]
checksum = "sha256:401942f9c24ed71e4fe71b76c7d638f66d8633575c4016efd2977ce7c28317d0"
url = "https://github.com/rhysd/actionlint/releases/download/v1.7.7/actionlint_1.7.7_linux_arm64.tar.gz"

[tools."aqua:rhysd/actionlint"."platforms.linux-x64"]
checksum = "sha256:023070a287cd8cccd71515fedc843f1985bf96c436b7effaecce67290e7e0757"
url = "https://github.com/rhysd/actionlint/releases/download/v1.7.7/actionlint_1.7.7_linux_amd64.tar.gz"

[tools."aqua:rhysd/actionlint"."platforms.linux-x64-musl"]
checksum = "sha256:023070a287cd8cccd71515fedc843f1985bf96c436b7effaecce67290e7e0757"
url = "https://github.com/rhysd/actionlint/releases/download/v1.7.7/actionlint_1.7.7_linux_amd64.tar.gz"

[tools."aqua:rhysd/actionlint"."platforms.macos-arm64"]
checksum = "sha256:2693315b9093aeacb4ebd91a993fea54fc215057bf0da2659056b4bc033873db"
url = "https://github.com/rhysd/actionlint/releases/download/v1.7.7/actionlint_1.7.7_darwin_arm64.tar.gz"

[tools."aqua:rhysd/actionlint"."platforms.macos-x64"]
checksum = "sha256:28e5de5a05fc558474f638323d736d822fff183d2d492f0aecb2b73cc44584f5"
url = "https://github.com/rhysd/actionlint/releases/download/v1.7.7/actionlint_1.7.7_darwin_amd64.tar.gz"

[tools."aqua:rhysd/actionlint"."platforms.windows-x64"]
checksum = "sha256:7f12f1801bca3d480d67aaf7774f4c2a6359a3ca8eebe382c95c10c9704aa731"
url = "https://github.com/rhysd/actionlint/releases/download/v1.7.7/actionlint_1.7.7_windows_amd64.zip"

[[tools."aqua:terraform-linters/tflint"]]
version = "0.62.1"
backend = "aqua:terraform-linters/tflint"

[tools."aqua:terraform-linters/tflint"."platforms.linux-arm64"]
checksum = "sha256:9f3bce43f7f58f05ddcf193f0bf1f7e7a9c7a79d7f46f72dd38e97f96fcaf14c"
url = "https://github.com/terraform-linters/tflint/releases/download/v0.62.1/tflint_linux_arm64.zip"

[tools."aqua:terraform-linters/tflint"."platforms.linux-arm64-musl"]
checksum = "sha256:9f3bce43f7f58f05ddcf193f0bf1f7e7a9c7a79d7f46f72dd38e97f96fcaf14c"
url = "https://github.com/terraform-linters/tflint/releases/download/v0.62.1/tflint_linux_arm64.zip"

[tools."aqua:terraform-linters/tflint"."platforms.linux-x64"]
checksum = "sha256:c004ec45ade3caf87cd4089feb1d2af9f7df57b13140a36df8a63c0a8cc69f14"
url = "https://github.com/terraform-linters/tflint/releases/download/v0.62.1/tflint_linux_amd64.zip"

[tools."aqua:terraform-linters/tflint"."platforms.linux-x64-musl"]
checksum = "sha256:c004ec45ade3caf87cd4089feb1d2af9f7df57b13140a36df8a63c0a8cc69f14"
url = "https://github.com/terraform-linters/tflint/releases/download/v0.62.1/tflint_linux_amd64.zip"

[tools."aqua:terraform-linters/tflint"."platforms.macos-arm64"]
checksum = "sha256:927866fef68382138b8fed038721a03c0928ce9486e1616b18bd3dd11e7cdacb"
url = "https://github.com/terraform-linters/tflint/releases/download/v0.62.1/tflint_darwin_arm64.zip"

[tools."aqua:terraform-linters/tflint"."platforms.macos-x64"]
checksum = "sha256:7f55df3a25deb610c267f600eb4247657e3ff776d0322916ceecd7b58142a73a"
url = "https://github.com/terraform-linters/tflint/releases/download/v0.62.1/tflint_darwin_amd64.zip"

[tools."aqua:terraform-linters/tflint"."platforms.windows-x64"]
checksum = "sha256:bef472fd62dcbdb616bbdf67800f1bcf8db64598529c09610154686555180edd"
url = "https://github.com/terraform-linters/tflint/releases/download/v0.62.1/tflint_windows_amd64.zip"

[[tools."aqua:zricethezav/gitleaks"]]
version = "8.30.1"
backend = "aqua:zricethezav/gitleaks"

[tools."aqua:zricethezav/gitleaks"."platforms.linux-arm64"]
checksum = "sha256:e4a487ee7ccd7d3a7f7ec08657610aa3606637dab924210b3aee62570fb4b080"
url = "https://github.com/gitleaks/gitleaks/releases/download/v8.30.1/gitleaks_8.30.1_linux_arm64.tar.gz"

[tools."aqua:zricethezav/gitleaks"."platforms.linux-arm64-musl"]
checksum = "sha256:e4a487ee7ccd7d3a7f7ec08657610aa3606637dab924210b3aee62570fb4b080"
url = "https://github.com/gitleaks/gitleaks/releases/download/v8.30.1/gitleaks_8.30.1_linux_arm64.tar.gz"

[tools."aqua:zricethezav/gitleaks"."platforms.linux-x64"]
checksum = "sha256:551f6fc83ea457d62a0d98237cbad105af8d557003051f41f3e7ca7b3f2470eb"
url = "https://github.com/gitleaks/gitleaks/releases/download/v8.30.1/gitleaks_8.30.1_linux_x64.tar.gz"

[tools."aqua:zricethezav/gitleaks"."platforms.linux-x64-musl"]
checksum = "sha256:551f6fc83ea457d62a0d98237cbad105af8d557003051f41f3e7ca7b3f2470eb"
url = "https://github.com/gitleaks/gitleaks/releases/download/v8.30.1/gitleaks_8.30.1_linux_x64.tar.gz"

[tools."aqua:zricethezav/gitleaks"."platforms.macos-arm64"]
checksum = "sha256:b40ab0ae55c505963e365f271a8d3846efbc170aa17f2607f13df610a9aeb6a5"
url = "https://github.com/gitleaks/gitleaks/releases/download/v8.30.1/gitleaks_8.30.1_darwin_arm64.tar.gz"

[tools."aqua:zricethezav/gitleaks"."platforms.macos-x64"]
checksum = "sha256:dfe101a4db2255fc85120ac7f3d25e4342c3c20cf749f2c20a18081af1952709"
url = "https://github.com/gitleaks/gitleaks/releases/download/v8.30.1/gitleaks_8.30.1_darwin_x64.tar.gz"

[tools."aqua:zricethezav/gitleaks"."platforms.windows-x64"]
checksum = "sha256:d29144deff3a68aa93ced33dddf84b7fdc26070add4aa0f4513094c8332afc4e"
url = "https://github.com/gitleaks/gitleaks/releases/download/v8.30.1/gitleaks_8.30.1_windows_x64.zip"

[[tools.flux2]]
version = "2.8.8"
backend = "aqua:fluxcd/flux2"

[tools.flux2."platforms.linux-arm64"]
checksum = "sha256:738604ab040055ace69777988a24def98ada1aff14ae4726e733089dc8cc5e12"
url = "https://github.com/fluxcd/flux2/releases/download/v2.8.8/flux_2.8.8_linux_arm64.tar.gz"

[tools.flux2."platforms.linux-arm64".provenance.slsa]
url = "https://github.com/fluxcd/flux2/releases/download/v2.8.8/provenance.intoto.jsonl"

[tools.flux2."platforms.linux-arm64-musl"]
checksum = "sha256:738604ab040055ace69777988a24def98ada1aff14ae4726e733089dc8cc5e12"
url = "https://github.com/fluxcd/flux2/releases/download/v2.8.8/flux_2.8.8_linux_arm64.tar.gz"

[tools.flux2."platforms.linux-arm64-musl".provenance.slsa]
url = "https://github.com/fluxcd/flux2/releases/download/v2.8.8/provenance.intoto.jsonl"

[tools.flux2."platforms.linux-x64"]
checksum = "sha256:3791d8fbb73b967ada021186f7b46686a2b180ce206d3c279c3f2ad183877a7f"
url = "https://github.com/fluxcd/flux2/releases/download/v2.8.8/flux_2.8.8_linux_amd64.tar.gz"

[tools.flux2."platforms.linux-x64".provenance.slsa]
url = "https://github.com/fluxcd/flux2/releases/download/v2.8.8/provenance.intoto.jsonl"

[tools.flux2."platforms.linux-x64-musl"]
checksum = "sha256:3791d8fbb73b967ada021186f7b46686a2b180ce206d3c279c3f2ad183877a7f"
url = "https://github.com/fluxcd/flux2/releases/download/v2.8.8/flux_2.8.8_linux_amd64.tar.gz"

[tools.flux2."platforms.linux-x64-musl".provenance.slsa]
url = "https://github.com/fluxcd/flux2/releases/download/v2.8.8/provenance.intoto.jsonl"

[tools.flux2."platforms.macos-arm64"]
checksum = "sha256:f54bb4d83cfc9563fd3213381d50fe1102215ef904ecf9c38afa183b02c74eb7"
url = "https://github.com/fluxcd/flux2/releases/download/v2.8.8/flux_2.8.8_darwin_arm64.tar.gz"

[tools.flux2."platforms.macos-arm64".provenance.slsa]
url = "https://github.com/fluxcd/flux2/releases/download/v2.8.8/provenance.intoto.jsonl"

[tools.flux2."platforms.macos-x64"]
checksum = "sha256:dcff834cd7b78acd22efd182b8a3bc08193cb00e734d62969070c2d888b1ded7"
url = "https://github.com/fluxcd/flux2/releases/download/v2.8.8/flux_2.8.8_darwin_amd64.tar.gz"

[tools.flux2."platforms.macos-x64".provenance.slsa]
url = "https://github.com/fluxcd/flux2/releases/download/v2.8.8/provenance.intoto.jsonl"

[tools.flux2."platforms.windows-x64"]
checksum = "sha256:78045ff9a4e2a6c05265d7a027694fbaca43f08f782da5c9214f852e06189bf8"
url = "https://github.com/fluxcd/flux2/releases/download/v2.8.8/flux_2.8.8_windows_amd64.zip"

[tools.flux2."platforms.windows-x64".provenance.slsa]
url = "https://github.com/fluxcd/flux2/releases/download/v2.8.8/provenance.intoto.jsonl"

[[tools.gum]]
version = "0.17.0"
backend = "aqua:charmbracelet/gum"

[tools.gum."platforms.linux-arm64"]
checksum = "sha256:b0b9ed95cbf7c8b7073f17b9591811f5c001e33c7cfd066ca83ce8a07c576f9c"
url = "https://github.com/charmbracelet/gum/releases/download/v0.17.0/gum_0.17.0_Linux_arm64.tar.gz"

[tools.gum."platforms.linux-arm64-musl"]
checksum = "sha256:b0b9ed95cbf7c8b7073f17b9591811f5c001e33c7cfd066ca83ce8a07c576f9c"
url = "https://github.com/charmbracelet/gum/releases/download/v0.17.0/gum_0.17.0_Linux_arm64.tar.gz"

[tools.gum."platforms.linux-x64"]
checksum = "sha256:69ee169bd6387331928864e94d47ed01ef649fbfe875baed1bbf27b5377a6fdb"
url = "https://github.com/charmbracelet/gum/releases/download/v0.17.0/gum_0.17.0_Linux_x86_64.tar.gz"

[tools.gum."platforms.linux-x64-musl"]
checksum = "sha256:69ee169bd6387331928864e94d47ed01ef649fbfe875baed1bbf27b5377a6fdb"
url = "https://github.com/charmbracelet/gum/releases/download/v0.17.0/gum_0.17.0_Linux_x86_64.tar.gz"

[tools.gum."platforms.macos-arm64"]
checksum = "sha256:e2a4b8596efa05821d8c58d0c1afbcd7ad1699ba69c689cc3ff23a4a99c8b237"
url = "https://github.com/charmbracelet/gum/releases/download/v0.17.0/gum_0.17.0_Darwin_arm64.tar.gz"

[tools.gum."platforms.macos-x64"]
checksum = "sha256:cd66576aeebe6cd19c771863c7e8d696e0e1d5387d1e7075666baa67c2052e53"
url = "https://github.com/charmbracelet/gum/releases/download/v0.17.0/gum_0.17.0_Darwin_x86_64.tar.gz"

[tools.gum."platforms.windows-x64"]
checksum = "sha256:b2be80531c6babc8d4e0e6ca95773d58118a2e1582ae006aace08dbc55503072"
url = "https://github.com/charmbracelet/gum/releases/download/v0.17.0/gum_0.17.0_Windows_x86_64.zip"

[[tools.helm]]
version = "4.2.0"
backend = "aqua:helm/helm"

[tools.helm."platforms.linux-arm64"]
checksum = "sha256:1f8de130dfbd04de64978e7b852a7a547be1404956a366608276d2520b678670"
url = "https://get.helm.sh/helm-v4.2.0-linux-arm64.tar.gz"

[tools.helm."platforms.linux-arm64-musl"]
checksum = "sha256:1f8de130dfbd04de64978e7b852a7a547be1404956a366608276d2520b678670"
url = "https://get.helm.sh/helm-v4.2.0-linux-arm64.tar.gz"

[tools.helm."platforms.linux-x64"]
checksum = "sha256:97dbeb971be4ac4b27e3839976d9564c0fb35c6f3b1da89dd1e292d236af4096"
url = "https://get.helm.sh/helm-v4.2.0-linux-amd64.tar.gz"

[tools.helm."platforms.linux-x64-musl"]
checksum = "sha256:97dbeb971be4ac4b27e3839976d9564c0fb35c6f3b1da89dd1e292d236af4096"
url = "https://get.helm.sh/helm-v4.2.0-linux-amd64.tar.gz"

[tools.helm."platforms.macos-arm64"]
checksum = "sha256:f13f959015447b6bc309f9fd506509926543988a39035c088b52522ec95e2acb"
url = "https://get.helm.sh/helm-v4.2.0-darwin-arm64.tar.gz"

[tools.helm."platforms.macos-x64"]
checksum = "sha256:1376ea697140e4db316736e760d5a47d12afc1524dce704476ef06fd7fdeddc6"
url = "https://get.helm.sh/helm-v4.2.0-darwin-amd64.tar.gz"

[tools.helm."platforms.windows-x64"]
checksum = "sha256:34bf9659f8f04f3841a60131183b8e2acc44e260db4c93b889ff09718cacca6f"
url = "https://get.helm.sh/helm-v4.2.0-windows-amd64.tar.gz"

[[tools.helmfile]]
version = "1.5.2"
backend = "aqua:helmfile/helmfile"

[tools.helmfile."platforms.linux-arm64"]
checksum = "sha256:4488ca172141a2ad563ac99fffdd8f4761620b40e8e7878ab3fd0e436d4ec057"
url = "https://github.com/helmfile/helmfile/releases/download/v1.5.2/helmfile_1.5.2_linux_arm64.tar.gz"

[tools.helmfile."platforms.linux-arm64-musl"]
checksum = "sha256:4488ca172141a2ad563ac99fffdd8f4761620b40e8e7878ab3fd0e436d4ec057"
url = "https://github.com/helmfile/helmfile/releases/download/v1.5.2/helmfile_1.5.2_linux_arm64.tar.gz"

[tools.helmfile."platforms.linux-x64"]
checksum = "sha256:96e342ff19a45c2e36371f93cf6264f3ef285bbde0fc363e56cb53bdef3df1ff"
url = "https://github.com/helmfile/helmfile/releases/download/v1.5.2/helmfile_1.5.2_linux_amd64.tar.gz"

[tools.helmfile."platforms.linux-x64-musl"]
checksum = "sha256:96e342ff19a45c2e36371f93cf6264f3ef285bbde0fc363e56cb53bdef3df1ff"
url = "https://github.com/helmfile/helmfile/releases/download/v1.5.2/helmfile_1.5.2_linux_amd64.tar.gz"

[tools.helmfile."platforms.macos-arm64"]
checksum = "sha256:55e22265177e3d21fcf5a5dfed51f7deaf9c4f6bd460f3961263ebefd428579f"
url = "https://github.com/helmfile/helmfile/releases/download/v1.5.2/helmfile_1.5.2_darwin_arm64.tar.gz"

[tools.helmfile."platforms.macos-x64"]
checksum = "sha256:1f3a84c4772ca475165b93b7da0b507808df809f41d08033627184b9e6dc75c4"
url = "https://github.com/helmfile/helmfile/releases/download/v1.5.2/helmfile_1.5.2_darwin_amd64.tar.gz"

[tools.helmfile."platforms.windows-x64"]
checksum = "sha256:e2d6e467bb9e1d993b3056678ec8a5ab5b9aa5d1b13855eda37959a13c176830"
url = "https://github.com/helmfile/helmfile/releases/download/v1.5.2/helmfile_1.5.2_windows_amd64.tar.gz"

[[tools.jq]]
version = "1.8.1"
backend = "aqua:jqlang/jq"

[tools.jq."platforms.linux-arm64"]
checksum = "sha256:6bc62f25981328edd3cfcfe6fe51b073f2d7e7710d7ef7fcdac28d4e384fc3d4"
url = "https://github.com/jqlang/jq/releases/download/jq-1.8.1/jq-linux-arm64"
provenance = "github-attestations"

[tools.jq."platforms.linux-arm64-musl"]
checksum = "sha256:6bc62f25981328edd3cfcfe6fe51b073f2d7e7710d7ef7fcdac28d4e384fc3d4"
url = "https://github.com/jqlang/jq/releases/download/jq-1.8.1/jq-linux-arm64"
provenance = "github-attestations"

[tools.jq."platforms.linux-x64"]
checksum = "sha256:020468de7539ce70ef1bceaf7cde2e8c4f2ca6c3afb84642aabc5c97d9fc2a0d"
url = "https://github.com/jqlang/jq/releases/download/jq-1.8.1/jq-linux-amd64"
provenance = "github-attestations"

[tools.jq."platforms.linux-x64-musl"]
checksum = "sha256:020468de7539ce70ef1bceaf7cde2e8c4f2ca6c3afb84642aabc5c97d9fc2a0d"
url = "https://github.com/jqlang/jq/releases/download/jq-1.8.1/jq-linux-amd64"
provenance = "github-attestations"

[tools.jq."platforms.macos-arm64"]
checksum = "sha256:a9fe3ea2f86dfc72f6728417521ec9067b343277152b114f4e98d8cb0e263603"
url = "https://github.com/jqlang/jq/releases/download/jq-1.8.1/jq-macos-arm64"
provenance = "github-attestations"

[tools.jq."platforms.macos-x64"]
checksum = "sha256:e80dbe0d2a2597e3c11c404f03337b981d74b4a8504b70586c354b7697a7c27f"
url = "https://github.com/jqlang/jq/releases/download/jq-1.8.1/jq-macos-amd64"
provenance = "github-attestations"

[tools.jq."platforms.windows-x64"]
checksum = "sha256:23cb60a1354eed6bcc8d9b9735e8c7b388cd1fdcb75726b93bc299ef22dd9334"
url = "https://github.com/jqlang/jq/releases/download/jq-1.8.1/jq-windows-amd64.exe"
provenance = "github-attestations"

[[tools.just]]
version = "1.51.0"
backend = "aqua:casey/just"

[tools.just."platforms.linux-arm64"]
checksum = "sha256:ed7ec466b77709198fd4afed253dba0270203ba5eb1c006bee2b0139090284f5"
url = "https://github.com/casey/just/releases/download/1.51.0/just-1.51.0-aarch64-unknown-linux-musl.tar.gz"

[tools.just."platforms.linux-arm64-musl"]
checksum = "sha256:ed7ec466b77709198fd4afed253dba0270203ba5eb1c006bee2b0139090284f5"
url = "https://github.com/casey/just/releases/download/1.51.0/just-1.51.0-aarch64-unknown-linux-musl.tar.gz"

[tools.just."platforms.linux-x64"]
checksum = "sha256:c8f085ca3e885723c341d06243fc291b5abfdc8bbe3b2c076b117de490387b59"
url = "https://github.com/casey/just/releases/download/1.51.0/just-1.51.0-x86_64-unknown-linux-musl.tar.gz"

[tools.just."platforms.linux-x64-musl"]
checksum = "sha256:c8f085ca3e885723c341d06243fc291b5abfdc8bbe3b2c076b117de490387b59"
url = "https://github.com/casey/just/releases/download/1.51.0/just-1.51.0-x86_64-unknown-linux-musl.tar.gz"

[tools.just."platforms.macos-arm64"]
checksum = "sha256:61e3f1b8a545ff064b091eab4b6e14f8cc743ff15549be293b1e92f5b1467002"
url = "https://github.com/casey/just/releases/download/1.51.0/just-1.51.0-aarch64-apple-darwin.tar.gz"

[tools.just."platforms.macos-x64"]
checksum = "sha256:d583e45f1f9fcdd26069ad2fe3bb9dea414756d8d0752eb9093974cb5c0246f0"
url = "https://github.com/casey/just/releases/download/1.51.0/just-1.51.0-x86_64-apple-darwin.tar.gz"

[tools.just."platforms.windows-x64"]
checksum = "sha256:09d1138b6845e73f04bff5e26be3f57663bddca25e36fe6241d28a5aa310b64e"
url = "https://github.com/casey/just/releases/download/1.51.0/just-1.51.0-x86_64-pc-windows-msvc.zip"

[[tools.kubectl]]
version = "1.36.1"
backend = "aqua:kubernetes/kubernetes/kubectl"

[tools.kubectl."platforms.linux-arm64"]
checksum = "sha256:59f7ee8e477fae658447607dc3c8790ac17a1b016c01c622c12070e969e2d4e7"
url = "https://dl.k8s.io/v1.36.1/bin/linux/arm64/kubectl"

[tools.kubectl."platforms.linux-arm64-musl"]
checksum = "sha256:59f7ee8e477fae658447607dc3c8790ac17a1b016c01c622c12070e969e2d4e7"
url = "https://dl.k8s.io/v1.36.1/bin/linux/arm64/kubectl"

[tools.kubectl."platforms.linux-x64"]
checksum = "sha256:629d3f410e09bf49b64ae7079f7f0bda1191efed311f7d37fdbab0ad5b0ec2b7"
url = "https://dl.k8s.io/v1.36.1/bin/linux/amd64/kubectl"

[tools.kubectl."platforms.linux-x64-musl"]
checksum = "sha256:629d3f410e09bf49b64ae7079f7f0bda1191efed311f7d37fdbab0ad5b0ec2b7"
url = "https://dl.k8s.io/v1.36.1/bin/linux/amd64/kubectl"

[tools.kubectl."platforms.macos-arm64"]
checksum = "sha256:9092778abaef3079449da4cd70ded0e4be112480c93efcdeace3155968d1d133"
url = "https://dl.k8s.io/v1.36.1/bin/darwin/arm64/kubectl"

[tools.kubectl."platforms.macos-x64"]
checksum = "sha256:b4973e90ebb00537d735b63d6f8293c1959156e6ff435f6a43c08aeaa1a2e7d7"
url = "https://dl.k8s.io/v1.36.1/bin/darwin/amd64/kubectl"

[tools.kubectl."platforms.windows-x64"]
checksum = "sha256:538f4229eee91a17b34724da7daade7687393d6988e33b723c6c306572c13900"
url = "https://dl.k8s.io/v1.36.1/bin/windows/amd64/kubectl.exe"

[[tools."npm:markdownlint-cli2"]]
version = "0.22.1"
backend = "npm:markdownlint-cli2"

[[tools."pipx:ansible"]]
version = "13.6.0"
backend = "pipx:ansible"

[[tools."pipx:ansible-core"]]
version = "2.20.5"
backend = "pipx:ansible-core"

[[tools."pipx:flux-local"]]
version = "8.2.0"
backend = "pipx:flux-local"

[[tools."pipx:yamllint"]]
version = "1.38.0"
backend = "pipx:yamllint"

[[tools.pre-commit]]
version = "4.6.0"
backend = "aqua:pre-commit/pre-commit"

[tools.pre-commit."platforms.linux-arm64"]
checksum = "sha256:ea8a0c84902e48c1875558f2f362ed8476773aa5fc8c16c5d8f2acc2a2830a65"
url = "https://github.com/pre-commit/pre-commit/releases/download/v4.6.0/pre-commit-4.6.0.pyz"

[tools.pre-commit."platforms.linux-arm64-musl"]
checksum = "sha256:ea8a0c84902e48c1875558f2f362ed8476773aa5fc8c16c5d8f2acc2a2830a65"
url = "https://github.com/pre-commit/pre-commit/releases/download/v4.6.0/pre-commit-4.6.0.pyz"

[tools.pre-commit."platforms.linux-x64"]
checksum = "sha256:ea8a0c84902e48c1875558f2f362ed8476773aa5fc8c16c5d8f2acc2a2830a65"
url = "https://github.com/pre-commit/pre-commit/releases/download/v4.6.0/pre-commit-4.6.0.pyz"

[tools.pre-commit."platforms.linux-x64-musl"]
checksum = "sha256:ea8a0c84902e48c1875558f2f362ed8476773aa5fc8c16c5d8f2acc2a2830a65"
url = "https://github.com/pre-commit/pre-commit/releases/download/v4.6.0/pre-commit-4.6.0.pyz"

[tools.pre-commit."platforms.macos-arm64"]
checksum = "sha256:ea8a0c84902e48c1875558f2f362ed8476773aa5fc8c16c5d8f2acc2a2830a65"
url = "https://github.com/pre-commit/pre-commit/releases/download/v4.6.0/pre-commit-4.6.0.pyz"

[tools.pre-commit."platforms.macos-x64"]
checksum = "sha256:ea8a0c84902e48c1875558f2f362ed8476773aa5fc8c16c5d8f2acc2a2830a65"
url = "https://github.com/pre-commit/pre-commit/releases/download/v4.6.0/pre-commit-4.6.0.pyz"

[[tools.talosctl]]
version = "1.13.2"
backend = "aqua:siderolabs/talos"

[tools.talosctl."platforms.linux-arm64"]
checksum = "sha256:dcf55741d8fff5793bac0ea9bbcea3147645c1eee6942eb6562db6c2235aac5c"
url = "https://github.com/siderolabs/talos/releases/download/v1.13.2/talosctl-linux-arm64"
provenance = "cosign"

[tools.talosctl."platforms.linux-arm64-musl"]
checksum = "sha256:dcf55741d8fff5793bac0ea9bbcea3147645c1eee6942eb6562db6c2235aac5c"
url = "https://github.com/siderolabs/talos/releases/download/v1.13.2/talosctl-linux-arm64"
provenance = "cosign"

[tools.talosctl."platforms.linux-x64"]
checksum = "sha256:86e21c434300ab71c27e8644570b14463c8ce78fc272853691de906af8d1c1bb"
url = "https://github.com/siderolabs/talos/releases/download/v1.13.2/talosctl-linux-amd64"
provenance = "cosign"

[tools.talosctl."platforms.linux-x64-musl"]
checksum = "sha256:86e21c434300ab71c27e8644570b14463c8ce78fc272853691de906af8d1c1bb"
url = "https://github.com/siderolabs/talos/releases/download/v1.13.2/talosctl-linux-amd64"
provenance = "cosign"

[tools.talosctl."platforms.macos-arm64"]
checksum = "sha256:6a7c0cd313d0b549f135ec4d51e6101a6d4bec753b9f86e516e77f31e2311613"
url = "https://github.com/siderolabs/talos/releases/download/v1.13.2/talosctl-darwin-arm64"
provenance = "cosign"

[tools.talosctl."platforms.macos-x64"]
checksum = "sha256:7ceb65aba7ab532210696d7886d934dbabc21a1f8243058378d3e7c0e94f413a"
url = "https://github.com/siderolabs/talos/releases/download/v1.13.2/talosctl-darwin-amd64"
provenance = "cosign"

[tools.talosctl."platforms.windows-x64"]
checksum = "sha256:1b38dedf36eec29e6846792577b734be9ba0fe6d46832bd449d2519245bfd318"
url = "https://github.com/siderolabs/talos/releases/download/v1.13.2/talosctl-windows-amd64.exe"
provenance = "cosign"

[[tools.terraform]]
version = "1.15.4"
backend = "aqua:hashicorp/terraform"

[tools.terraform."platforms.linux-arm64"]
checksum = "sha256:87da14c6700fee1bdaffedc943c4aca7bb078aad1f3eeccbdaae0484f90e1bec"
url = "https://releases.hashicorp.com/terraform/1.15.4/terraform_1.15.4_linux_arm64.zip"

[tools.terraform."platforms.linux-arm64-musl"]
checksum = "sha256:87da14c6700fee1bdaffedc943c4aca7bb078aad1f3eeccbdaae0484f90e1bec"
url = "https://releases.hashicorp.com/terraform/1.15.4/terraform_1.15.4_linux_arm64.zip"

[tools.terraform."platforms.linux-x64"]
checksum = "sha256:a71695fa6db9344db02ff1adb69cce891c1b2b4dc31c08df0dd4a12101a33b26"
url = "https://releases.hashicorp.com/terraform/1.15.4/terraform_1.15.4_linux_amd64.zip"

[tools.terraform."platforms.linux-x64-musl"]
checksum = "sha256:a71695fa6db9344db02ff1adb69cce891c1b2b4dc31c08df0dd4a12101a33b26"
url = "https://releases.hashicorp.com/terraform/1.15.4/terraform_1.15.4_linux_amd64.zip"

[tools.terraform."platforms.macos-arm64"]
checksum = "sha256:d6b99521a436bfc0e44b18ca47e2c8fec37a74039bf3b529ecc3c71d3e5a9fbf"
url = "https://releases.hashicorp.com/terraform/1.15.4/terraform_1.15.4_darwin_arm64.zip"

[tools.terraform."platforms.macos-x64"]
checksum = "sha256:5d9d58855d08934fb79e8db04332ff89d5e2218a6a3559f6e596b47ec2f74ecd"
url = "https://releases.hashicorp.com/terraform/1.15.4/terraform_1.15.4_darwin_amd64.zip"

[tools.terraform."platforms.windows-x64"]
checksum = "sha256:159169a73fcbdfb1b0ff3e2b7abf4ec94f9ebbb314ae3a0e19e494b357ef1488"
url = "https://releases.hashicorp.com/terraform/1.15.4/terraform_1.15.4_windows_amd64.zip"

[[tools.yq]]
version = "4.53.2"
backend = "aqua:mikefarah/yq"

[tools.yq."platforms.linux-arm64"]
checksum = "sha256:03061b2a50c7a498de2bbb92d7cb078ce433011f085a4994117c2726be4106ea"
url = "https://github.com/mikefarah/yq/releases/download/v4.53.2/yq_linux_arm64"

[tools.yq."platforms.linux-arm64-musl"]
checksum = "sha256:03061b2a50c7a498de2bbb92d7cb078ce433011f085a4994117c2726be4106ea"
url = "https://github.com/mikefarah/yq/releases/download/v4.53.2/yq_linux_arm64"

[tools.yq."platforms.linux-x64"]
checksum = "sha256:d56bf5c6819e8e696340c312bd70f849dc1678a7cda9c2ad63eebd906371d56b"
url = "https://github.com/mikefarah/yq/releases/download/v4.53.2/yq_linux_amd64"

[tools.yq."platforms.linux-x64-musl"]
checksum = "sha256:d56bf5c6819e8e696340c312bd70f849dc1678a7cda9c2ad63eebd906371d56b"
url = "https://github.com/mikefarah/yq/releases/download/v4.53.2/yq_linux_amd64"

[tools.yq."platforms.macos-arm64"]
checksum = "sha256:541ba2287560df70f561955e2d7f7e1cd00cf2a15a884f6b5c87a4bfa887bc07"
url = "https://github.com/mikefarah/yq/releases/download/v4.53.2/yq_darwin_arm64"

[tools.yq."platforms.macos-x64"]
checksum = "sha256:616b0a0f6a5b79d746f05a169c2b9bb40dee00c605ef165b9a1c1681bba738ac"
url = "https://github.com/mikefarah/yq/releases/download/v4.53.2/yq_darwin_amd64"

[tools.yq."platforms.windows-x64"]
checksum = "sha256:2aee32f1de46a20672f48c25df3018839798bd509143f2ce05fdab1550ff5592"
url = "https://github.com/mikefarah/yq/releases/download/v4.53.2/yq_windows_amd64.exe"

[[tools.zizmor]]
version = "1.25.2"
backend = "aqua:zizmorcore/zizmor"

[tools.zizmor."platforms.linux-arm64"]
checksum = "sha256:4b4b9491112c2a09b318101c0d3349b73af1c4f532e097dd6d0164f2abda760d"
url = "https://github.com/zizmorcore/zizmor/releases/download/v1.25.2/zizmor-aarch64-unknown-linux-gnu.tar.gz"
provenance = "github-attestations"

[tools.zizmor."platforms.linux-arm64-musl"]
provenance = "github-attestations"

[tools.zizmor."platforms.linux-x64"]
checksum = "sha256:aa1facd105f0d83fe5c55b1adcd9d7417de5d83aa27471f91dc0b66cf3803577"
url = "https://github.com/zizmorcore/zizmor/releases/download/v1.25.2/zizmor-x86_64-unknown-linux-gnu.tar.gz"
provenance = "github-attestations"

[tools.zizmor."platforms.linux-x64-musl"]
provenance = "github-attestations"

[tools.zizmor."platforms.macos-arm64"]
checksum = "sha256:624ef0e09521aecd862126be0f6d7754669af2646750d68ac48a114be33c3146"
url = "https://github.com/zizmorcore/zizmor/releases/download/v1.25.2/zizmor-aarch64-apple-darwin.tar.gz"
provenance = "github-attestations"

[tools.zizmor."platforms.macos-x64"]
checksum = "sha256:353271b9ec301dd4ba158af481323c831c6e9b494d5ac3f5aa58cf4b207699cc"
url = "https://github.com/zizmorcore/zizmor/releases/download/v1.25.2/zizmor-x86_64-apple-darwin.tar.gz"
provenance = "github-attestations"

[tools.zizmor."platforms.windows-x64"]
checksum = "sha256:65d46a8144f701200621b580f632076d80d082d60856de9f88793a95fb5882d7"
url = "https://github.com/zizmorcore/zizmor/releases/download/v1.25.2/zizmor-x86_64-pc-windows-msvc.zip"
provenance = "github-attestations"
